{
  "name": "project-3",
  "version": "1.0.0",
  "lockfileVersion": 1,
  "requires": true,
  "dependencies": {
    "three.interaction": {
      "version": "0.0.9",
      "resolved": "https://registry.npmjs.org/three.interaction/-/three.interaction-0.0.9.tgz",
      "integrity": "sha512-NuphMnoeTDzxsMhBEjczyQnLNK9uIk9euK+hIY8DHJAGBRAdxPchoZaLETWU5JQJ4XOIzrctu9zMe8xJg9dPpA=="
    }
  }
}
